<?xml version="1.0" encoding="utf-8"?>
<Project ToolsVersion="4.0" xmlns="http://schemas.microsoft.com/developer/msbuild/2003">
  <ItemGroup>
    <Filter Include="Source Files">
      <UniqueIdentifier>{4FC737F1-C7A5-4376-A066-2A32D752A2FF}</UniqueIdentifier>
      <Extensions>cpp;c;cc;cxx;def;odl;idl;hpj;bat;asm;asmx;cu</Extensions>
    </Filter>
    <Filter Include="Header Files">
      <UniqueIdentifier>{93995380-89BD-4b04-88EB-625FBE52EBFB}</UniqueIdentifier>
      <Extensions>h;hpp;hxx;hm;inl;inc;xsd;cuh</Extensions>
    </Filter>
    <Filter Include="Inline Files">
      <UniqueIdentifier>{2510e0f5-f59b-45fb-b617-8149e80331ea}</UniqueIdentifier>
      <Extensions>inl</Extensions>
    </Filter>
  </ItemGroup>
  <ItemGroup>
    <ClInclude Include="DepthFrame.h">
      <Filter>Header Files</Filter>
    </ClInclude>
    <ClInclude Include="flat_map.h">
      <Filter>Header Files</Filter>
    </ClInclude>
    <ClInclude Include="Volume.h">
      <Filter>Header Files</Filter>
    </ClInclude>
    <ClInclude Include="KernelVolume.h">
      <Filter>Header Files</Filter>
    </ClInclude>
    <ClInclude Include="Integrator.h">
      <Filter>Header Files</Filter>
    </ClInclude>
    <ClInclude Include="vector_types_ext.h">
      <Filter>Header Files</Filter>
    </ClInclude>
    <ClInclude Include="helper_math_ext.h">
      <Filter>Header Files</Filter>
    </ClInclude>
    <ClInclude Include="vector_functions_ext.h">
      <Filter>Header Files</Filter>
    </ClInclude>
    <ClInclude Include="IntegratorKernels.h">
      <Filter>Header Files</Filter>
    </ClInclude>
    <ClInclude Include="timer.h">
      <Filter>Header Files</Filter>
    </ClInclude>
    <ClInclude Include="vector.h">
      <Filter>Header Files</Filter>
    </ClInclude>
    <ClInclude Include="cuda_event.h">
      <Filter>Header Files</Filter>
    </ClInclude>
    <ClInclude Include="kernel_vector.h">
      <Filter>Header Files</Filter>
    </ClInclude>
    <ClInclude Include="kernel_vector2d.h">
      <Filter>Header Files</Filter>
    </ClInclude>
    <ClInclude Include="buffer.h">
      <Filter>Header Files</Filter>
    </ClInclude>
    <ClInclude Include="device_allocator.h">
      <Filter>Header Files</Filter>
    </ClInclude>
    <ClInclude Include="page_locked_allocator.h">
      <Filter>Header Files</Filter>
    </ClInclude>
    <ClInclude Include="reduce.h">
      <Filter>Header Files</Filter>
    </ClInclude>
    <ClInclude Include="cuda_device.h">
      <Filter>Header Files</Filter>
    </ClInclude>
    <ClInclude Include="scan.h">
      <Filter>Header Files</Filter>
    </ClInclude>
    <ClInclude Include="radix_sort.h">
      <Filter>Header Files</Filter>
    </ClInclude>
    <ClInclude Include="constants.cuh">
      <Filter>Header Files</Filter>
    </ClInclude>
  </ItemGroup>
  <ItemGroup>
    <CudaCompile Include="IntegratorKernels.cu">
      <Filter>Source Files</Filter>
    </CudaCompile>
    <CudaCompile Include="reduce.cu">
      <Filter>Source Files</Filter>
    </CudaCompile>
    <CudaCompile Include="scan.cu">
      <Filter>Source Files</Filter>
    </CudaCompile>
    <CudaCompile Include="radix_sort.cu">
      <Filter>Source Files</Filter>
    </CudaCompile>
  </ItemGroup>
  <ItemGroup>
    <ClCompile Include="dummy.cpp">
      <Filter>Source Files</Filter>
    </ClCompile>
    <ClCompile Include="Volume.cpp">
      <Filter>Source Files</Filter>
    </ClCompile>
    <ClCompile Include="Integrator.cpp">
      <Filter>Source Files</Filter>
    </ClCompile>
    <ClCompile Include="timer.cpp">
      <Filter>Source Files</Filter>
    </ClCompile>
    <ClCompile Include="cuda_event.cpp">
      <Filter>Source Files</Filter>
    </ClCompile>
    <ClCompile Include="DepthFrame.cpp">
      <Filter>Source Files</Filter>
    </ClCompile>
    <ClCompile Include="cuda_device.cpp">
      <Filter>Source Files</Filter>
    </ClCompile>
  </ItemGroup>
  <ItemGroup>
    <None Include="Brick.h">
      <Filter>Header Files</Filter>
    </None>
    <None Include="Voxel.h">
      <Filter>Header Files</Filter>
    </None>
    <None Include="vector.inl">
      <Filter>Inline Files</Filter>
    </None>
    <None Include="buffer.inl">
      <Filter>Inline Files</Filter>
    </None>
    <None Include="device_allocator.inl">
      <Filter>Inline Files</Filter>
    </None>
    <None Include="page_locked_allocator.inl">
      <Filter>Inline Files</Filter>
    </None>
    <None Include="intrinsics.cuh">
      <Filter>Header Files</Filter>
    </None>
    <None Include="warp.cuh">
      <Filter>Header Files</Filter>
    </None>
    <None Include="warp.inl">
      <Filter>Inline Files</Filter>
    </None>
    <None Include="block.cuh">
      <Filter>Header Files</Filter>
    </None>
    <None Include="block.inl">
      <Filter>Inline Files</Filter>
    </None>
  </ItemGroup>
</Project>