<?xml version="1.0" encoding="utf-8"?>
<Project ToolsVersion="4.0" xmlns="http://schemas.microsoft.com/developer/msbuild/2003">
  <ItemGroup>
    <ClInclude Include="util\algorithm.h" />
    <ClInclude Include="util\barrier.h" />
    <ClInclude Include="util\chrono.h" />
    <ClInclude Include="util\flat_map.h" />
    <ClInclude Include="util\fstream.h" />
    <ClInclude Include="util\high_resolution_clock.h" />
    <ClInclude Include="util\semaphore.h" />
    <ClInclude Include="util\std_high_resolution_clock.h" />
    <ClInclude Include="util\stop_watch.h" />
    <ClInclude Include="util\vector2d.h" />
    <ClInclude Include="util\windows_high_resolution_clock.h" />
    <ClInclude Include="util\windows_nominmax_strict_lean.h" />
    <ClInclude Include="DepthStream.h" />
    <ClInclude Include="Integrator.h" />
    <ClInclude Include="Volume.h" />
    <ClInclude Include="Voxel.h" />
    <ClInclude Include="util\numeric.h" />
    <ClInclude Include="util\iterator.h" />
    <ClInclude Include="util\functional.h" />
    <ClInclude Include="util\math.h" />
    <ClInclude Include="Mesher.h" />
    <ClInclude Include="DepthSensorParams.h" />
  </ItemGroup>
  <ItemGroup>
    <ClCompile Include="util\barrier.cpp" />
    <ClCompile Include="util\fstream.cpp" />
    <ClCompile Include="util\semaphore.cpp" />
    <ClCompile Include="util\stop_watch.cpp" />
    <ClCompile Include="DepthStream.cpp" />
    <ClCompile Include="Integrator.cpp" />
    <ClCompile Include="util\windows_high_resolution_clock.cpp" />
    <ClCompile Include="Volume.cpp" />
    <ClCompile Include="Mesher.cpp" />
    <ClCompile Include="invariants.cpp" />
    <ClCompile Include="DepthSensorParams.cpp" />
  </ItemGroup>
</Project>