<?xml version="1.0" encoding="utf-8"?>
<Project ToolsVersion="4.0" xmlns="http://schemas.microsoft.com/developer/msbuild/2003">
  <ItemGroup>
    <ClInclude Include="util\algorithm.h" />
    <ClInclude Include="util\barrier.h" />
    <ClInclude Include="util\chrono.h" />
    <ClInclude Include="util\DirectXMathExt.h" />
    <ClInclude Include="util\flat_map.h" />
    <ClInclude Include="util\fstream.h" />
    <ClInclude Include="util\high_resolution_clock.h" />
    <ClInclude Include="util\semaphore.h" />
    <ClInclude Include="util\std_high_resolution_clock.h" />
    <ClInclude Include="util\stop_watch.h" />
    <ClInclude Include="util\vector2d.h" />
    <ClInclude Include="util\windows_high_resolution_clock.h" />
    <ClInclude Include="util\windows_nominmax_strict_lean.h" />
    <ClInclude Include="DepthStream.h" />
    <ClInclude Include="Integrator.h" />
    <ClInclude Include="Mesher.h" />
    <ClInclude Include="Splatter.h" />
    <ClInclude Include="Volume.h" />
    <ClInclude Include="Voxel.h" />
    <ClInclude Include="cuda\Brick.h" />
    <ClInclude Include="cuda\buffer.h" />
    <ClInclude Include="cuda\cuda_device.h" />
    <ClInclude Include="cuda\cuda_event.h" />
    <ClInclude Include="cuda\DepthFrame.h" />
    <ClInclude Include="cuda\vector.h" />
    <ClInclude Include="cuda\kernel_vector2d.h" />
    <ClInclude Include="cuda\kernel_vector.h" />
    <ClInclude Include="cuda\device_allocator.h" />
    <ClInclude Include="cuda\page_locked_allocator.h" />
    <ClInclude Include="cuda\flat_map.h" />
    <ClInclude Include="cuda\helper_math_ext.h" />
    <ClInclude Include="cuda\Integrator.h" />
    <ClInclude Include="cuda\IntegratorKernels.h" />
    <ClInclude Include="cuda\KernelVolume.h" />
    <ClInclude Include="cuda\timer.h" />
    <ClInclude Include="cuda\radix_sort.h" />
    <ClInclude Include="cuda\reduce.h" />
    <ClInclude Include="cuda\scan.h" />
    <ClInclude Include="cuda\vector_functions_ext.h" />
    <ClInclude Include="cuda\vector_types_ext.h" />
    <ClInclude Include="cuda\Volume.h" />
    <ClInclude Include="cuda\Voxel.h" />
    <ClInclude Include="util\numeric.h" />
    <ClInclude Include="util\iterator.h" />
    <ClInclude Include="util\functional.h" />
    <ClInclude Include="util\flink.h" />
  </ItemGroup>
  <ItemGroup>
    <None Include="cuda\block.cuh" />
    <None Include="cuda\constants.cuh" />
    <None Include="cuda\intrinsics.cuh" />
    <None Include="cuda\warp.cuh" />
  </ItemGroup>
  <ItemGroup>
    <ClCompile Include="util\barrier.cpp" />
    <ClCompile Include="util\fstream.cpp" />
    <ClCompile Include="util\semaphore.cpp" />
    <ClCompile Include="util\stop_watch.cpp" />
    <ClCompile Include="DepthStream.cpp" />
    <ClCompile Include="Integrator.cpp" />
    <ClCompile Include="util\windows_high_resolution_clock.cpp" />
    <ClCompile Include="Volume.cpp" />
    <ClCompile Include="Voxel.cpp" />
    <ClCompile Include="cuda\cuda_device.cpp" />
    <ClCompile Include="cuda\cuda_event.cpp" />
    <ClCompile Include="cuda\DepthFrame.cpp" />
    <ClCompile Include="cuda\Integrator.cpp" />
    <ClCompile Include="cuda\timer.cpp" />
    <ClCompile Include="cuda\Volume.cpp" />
    <ClCompile Include="Splatter.cpp" />
  </ItemGroup>
  <ItemGroup>
    <CudaCompile Include="cuda\IntegratorKernels.cu" />
    <CudaCompile Include="cuda\radix_sort.cu" />
    <CudaCompile Include="cuda\reduce.cu" />
    <CudaCompile Include="cuda\scan.cu" />
  </ItemGroup>
</Project>