<?xml version="1.0" encoding="utf-8"?>
<Project ToolsVersion="4.0" xmlns="http://schemas.microsoft.com/developer/msbuild/2003">
  <ItemGroup>
    <Filter Include="Source Files">
      <UniqueIdentifier>{4FC737F1-C7A5-4376-A066-2A32D752A2FF}</UniqueIdentifier>
      <Extensions>cpp;c;cc;cxx;def;odl;idl;hpj;bat;asm;asmx</Extensions>
    </Filter>
    <Filter Include="Header Files">
      <UniqueIdentifier>{93995380-89BD-4b04-88EB-625FBE52EBFB}</UniqueIdentifier>
      <Extensions>h;hpp;hxx;hm;inl;inc;xsd</Extensions>
    </Filter>
    <Filter Include="Inline Files">
      <UniqueIdentifier>{940daf09-803d-4102-90f1-af55a5a83c81}</UniqueIdentifier>
    </Filter>
  </ItemGroup>
  <ItemGroup>
    <ClCompile Include="fstream.cpp">
      <Filter>Source Files</Filter>
    </ClCompile>
    <ClCompile Include="windows_high_resolution_clock.cpp">
      <Filter>Source Files</Filter>
    </ClCompile>
    <ClCompile Include="stop_watch.cpp">
      <Filter>Source Files</Filter>
    </ClCompile>
    <ClCompile Include="semaphore.cpp">
      <Filter>Source Files</Filter>
    </ClCompile>
    <ClCompile Include="barrier.cpp">
      <Filter>Source Files</Filter>
    </ClCompile>
  </ItemGroup>
  <ItemGroup>
    <ClInclude Include="algorithm.h">
      <Filter>Header Files</Filter>
    </ClInclude>
    <ClInclude Include="array3d.h">
      <Filter>Header Files</Filter>
    </ClInclude>
    <ClInclude Include="DirectXMathExt.h">
      <Filter>Header Files</Filter>
    </ClInclude>
    <ClInclude Include="flat_map.h">
      <Filter>Header Files</Filter>
    </ClInclude>
    <ClInclude Include="fstream.h">
      <Filter>Header Files</Filter>
    </ClInclude>
    <ClInclude Include="vector2d.h">
      <Filter>Header Files</Filter>
    </ClInclude>
    <ClInclude Include="chrono.h">
      <Filter>Header Files</Filter>
    </ClInclude>
    <ClInclude Include="windows_nominmax_strict_lean.h">
      <Filter>Header Files</Filter>
    </ClInclude>
    <ClInclude Include="windows_high_resolution_clock.h">
      <Filter>Header Files</Filter>
    </ClInclude>
    <ClInclude Include="stop_watch.h">
      <Filter>Header Files</Filter>
    </ClInclude>
    <ClInclude Include="high_resolution_clock.h">
      <Filter>Header Files</Filter>
    </ClInclude>
    <ClInclude Include="std_high_resolution_clock.h">
      <Filter>Header Files</Filter>
    </ClInclude>
    <ClInclude Include="semaphore.h">
      <Filter>Header Files</Filter>
    </ClInclude>
    <ClInclude Include="barrier.h">
      <Filter>Header Files</Filter>
    </ClInclude>
  </ItemGroup>
  <ItemGroup>
    <None Include="algorithm.inl">
      <Filter>Inline Files</Filter>
    </None>
    <None Include="array3d.inl">
      <Filter>Inline Files</Filter>
    </None>
    <None Include="DirectXMathExt.inl">
      <Filter>Inline Files</Filter>
    </None>
    <None Include="flat_map.inl">
      <Filter>Inline Files</Filter>
    </None>
    <None Include="vector2d.inl">
      <Filter>Inline Files</Filter>
    </None>
  </ItemGroup>
</Project>